
Microsoft Visual Studio Solution File, Format Version 12.00
# Visual Studio Version 17
VisualStudioVersion = 17.4.33122.133
MinimumVisualStudioVersion = 10.0.40219.1
Project("{8BC9CEB8-8B4A-11D0-8D11-00A0C91BC942}") = "nd_bfs", "nd_bfs.vcxproj", "{08B24B8E-4352-484F-8C0A-44DBC3E1D0AF}"
EndProject
Global
	GlobalSection(SolutionConfigurationPlatforms) = preSolution
		Debug|x64 = Debug|x64
		Release|x64 = Release|x64
	EndGlobalSection
	GlobalSection(ProjectConfigurationPlatforms) = postSolution
		{08B24B8E-4352-484F-8C0A-44DBC3E1D0AF}.Debug|x64.ActiveCfg = Debug|x64
		{08B24B8E-4352-484F-8C0A-44DBC3E1D0AF}.Debug|x64.Build.0 = Debug|x64
		{08B24B8E-4352-484F-8C0A-44DBC3E1D0AF}.Release|x64.ActiveCfg = Release|x64
		{08B24B8E-4352-484F-8C0A-44DBC3E1D0AF}.Release|x64.Build.0 = Release|x64
	EndGlobalSection
	GlobalSection(SolutionProperties) = preSolution
		HideSolutionNode = FALSE
	EndGlobalSection
	GlobalSection(ExtensibilityGlobals) = postSolution
		SolutionGuid = {B67CE254-5200-423D-9608-43F4EF5AF940}
	EndGlobalSection
EndGlobal
